github.com/sirupsen/logrus v1.0.1-0.20170608221441-85b1699d5056 h1:q2l3xYjnH4L609UcsgkKo3UfXHlj6vbxbXbtMKlGl8s=
github.com/sirupsen/logrus v1.0.1-0.20170608221441-85b1699d5056/go.mod h1:pMByvHTf9Beacp5x1UXfOR9xyW/9antXMhjMPG0dEzc=
golang.org/x/sys v0.0.0-20160127150742-eb2c74142fd1/go.mod h1:STP8DvDyc/dI5b8T5hshtkjS+E42TnysNCUPdjciGhY=
